
Microsoft Visual Studio Solution File, Format Version 12.00
# Visual Studio Version 17
VisualStudioVersion = 17.6.33712.159
MinimumVisualStudioVersion = 10.0.40219.1
Project("{FAE04EC0-301F-11D3-BF4B-00C04F79EFBC}") = "Atividade 1", "Atividade 1\Atividade 1.csproj", "{464E99A4-95BB-40F4-BEC4-9743359B418B}"
EndProject
Global
	GlobalSection(SolutionConfigurationPlatforms) = preSolution
		Debug|Any CPU = Debug|Any CPU
		Release|Any CPU = Release|Any CPU
	EndGlobalSection
	GlobalSection(ProjectConfigurationPlatforms) = postSolution
		{464E99A4-95BB-40F4-BEC4-9743359B418B}.Debug|Any CPU.ActiveCfg = Debug|Any CPU
		{464E99A4-95BB-40F4-BEC4-9743359B418B}.Debug|Any CPU.Build.0 = Debug|Any CPU
		{464E99A4-95BB-40F4-BEC4-9743359B418B}.Release|Any CPU.ActiveCfg = Release|Any CPU
		{464E99A4-95BB-40F4-BEC4-9743359B418B}.Release|Any CPU.Build.0 = Release|Any CPU
	EndGlobalSection
	GlobalSection(SolutionProperties) = preSolution
		HideSolutionNode = FALSE
	EndGlobalSection
	GlobalSection(ExtensibilityGlobals) = postSolution
		SolutionGuid = {7EE20C2F-EF0E-4F13-B891-E62D8995CD4A}
	EndGlobalSection
EndGlobal
